
Microsoft Visual Studio Solution File, Format Version 12.00
# Visual Studio Version 16
VisualStudioVersion = 16.0.29001.49
MinimumVisualStudioVersion = 10.0.40219.1
Project("{FAE04EC0-301F-11D3-BF4B-00C04F79EFBC}") = "DotnetAttacher", "DotnetAttacher\DotnetAttacher.csproj", "{185959C0-DBFA-471B-B1FA-7C95EB5E5470}"
EndProject
Global
	GlobalSection(SolutionConfigurationPlatforms) = preSolution
		Debug|Any CPU = Debug|Any CPU
		Release|Any CPU = Release|Any CPU
	EndGlobalSection
	GlobalSection(ProjectConfigurationPlatforms) = postSolution
		{185959C0-DBFA-471B-B1FA-7C95EB5E5470}.Debug|Any CPU.ActiveCfg = Debug|Any CPU
		{185959C0-DBFA-471B-B1FA-7C95EB5E5470}.Debug|Any CPU.Build.0 = Debug|Any CPU
		{185959C0-DBFA-471B-B1FA-7C95EB5E5470}.Release|Any CPU.ActiveCfg = Release|Any CPU
		{185959C0-DBFA-471B-B1FA-7C95EB5E5470}.Release|Any CPU.Build.0 = Release|Any CPU
	EndGlobalSection
	GlobalSection(SolutionProperties) = preSolution
		HideSolutionNode = FALSE
	EndGlobalSection
	GlobalSection(ExtensibilityGlobals) = postSolution
		SolutionGuid = {AC6EED45-F9AA-4759-9F7B-DC6597968AE5}
	EndGlobalSection
EndGlobal
